
Microsoft Visual Studio Solution File, Format Version 12.00
# Visual Studio Version 17
VisualStudioVersion = 17.9.34723.18
MinimumVisualStudioVersion = 10.0.40219.1
Project("{2150E333-8FDC-42A3-9474-1A3956D46DE8}") = "FrontEnd", "FrontEnd", "{899AC4C9-60A2-4710-BB7F-90228CBAA4FF}"
EndProject
Project("{2150E333-8FDC-42A3-9474-1A3956D46DE8}") = "Services", "Services", "{F15CBAE9-5B98-422C-8250-61633E42425F}"
EndProject
Project("{FAE04EC0-301F-11D3-BF4B-00C04F79EFBC}") = "GeekShopping.Web", "GeekShopping.Web\GeekShopping.Web.csproj", "{BB585075-E6F6-4A4F-962A-3E97668CE196}"
EndProject
Project("{FAE04EC0-301F-11D3-BF4B-00C04F79EFBC}") = "GeekShopping.ProductAPI", "GeekShopping.ProductAPI\GeekShopping.ProductAPI.csproj", "{F38B801F-B451-4BE2-B383-557D316EC0A2}"
EndProject
Project("{FAE04EC0-301F-11D3-BF4B-00C04F79EFBC}") = "GeekShopping.IdentityServer", "GeekShopping.IdentityServer\GeekShopping.IdentityServer.csproj", "{347E5F2C-894B-4B59-891C-B7B6871D2B4E}"
EndProject
Global
	GlobalSection(SolutionConfigurationPlatforms) = preSolution
		Debug|Any CPU = Debug|Any CPU
		Release|Any CPU = Release|Any CPU
	EndGlobalSection
	GlobalSection(ProjectConfigurationPlatforms) = postSolution
		{BB585075-E6F6-4A4F-962A-3E97668CE196}.Debug|Any CPU.ActiveCfg = Debug|Any CPU
		{BB585075-E6F6-4A4F-962A-3E97668CE196}.Debug|Any CPU.Build.0 = Debug|Any CPU
		{BB585075-E6F6-4A4F-962A-3E97668CE196}.Release|Any CPU.ActiveCfg = Release|Any CPU
		{BB585075-E6F6-4A4F-962A-3E97668CE196}.Release|Any CPU.Build.0 = Release|Any CPU
		{F38B801F-B451-4BE2-B383-557D316EC0A2}.Debug|Any CPU.ActiveCfg = Debug|Any CPU
		{F38B801F-B451-4BE2-B383-557D316EC0A2}.Debug|Any CPU.Build.0 = Debug|Any CPU
		{F38B801F-B451-4BE2-B383-557D316EC0A2}.Release|Any CPU.ActiveCfg = Release|Any CPU
		{F38B801F-B451-4BE2-B383-557D316EC0A2}.Release|Any CPU.Build.0 = Release|Any CPU
		{347E5F2C-894B-4B59-891C-B7B6871D2B4E}.Debug|Any CPU.ActiveCfg = Debug|Any CPU
		{347E5F2C-894B-4B59-891C-B7B6871D2B4E}.Debug|Any CPU.Build.0 = Debug|Any CPU
		{347E5F2C-894B-4B59-891C-B7B6871D2B4E}.Release|Any CPU.ActiveCfg = Release|Any CPU
		{347E5F2C-894B-4B59-891C-B7B6871D2B4E}.Release|Any CPU.Build.0 = Release|Any CPU
	EndGlobalSection
	GlobalSection(SolutionProperties) = preSolution
		HideSolutionNode = FALSE
	EndGlobalSection
	GlobalSection(NestedProjects) = preSolution
		{BB585075-E6F6-4A4F-962A-3E97668CE196} = {899AC4C9-60A2-4710-BB7F-90228CBAA4FF}
		{F38B801F-B451-4BE2-B383-557D316EC0A2} = {F15CBAE9-5B98-422C-8250-61633E42425F}
		{347E5F2C-894B-4B59-891C-B7B6871D2B4E} = {F15CBAE9-5B98-422C-8250-61633E42425F}
	EndGlobalSection
	GlobalSection(ExtensibilityGlobals) = postSolution
		SolutionGuid = {E9DBC51A-AB41-43B2-A63E-EE6C05523066}
	EndGlobalSection
EndGlobal
